
Microsoft Visual Studio Solution File, Format Version 12.00
# Visual Studio Version 16
VisualStudioVersion = 16.0.31112.23
MinimumVisualStudioVersion = 10.0.40219.1
Project("{F2A71F9B-5D33-465A-A702-920D77279786}") = "AOC20", "AOC20\AOC20.fsproj", "{822A282F-3882-49D5-A7D8-4AA971B49731}"
EndProject
Global
	GlobalSection(SolutionConfigurationPlatforms) = preSolution
		Debug|Any CPU = Debug|Any CPU
		Release|Any CPU = Release|Any CPU
	EndGlobalSection
	GlobalSection(ProjectConfigurationPlatforms) = postSolution
		{822A282F-3882-49D5-A7D8-4AA971B49731}.Debug|Any CPU.ActiveCfg = Debug|Any CPU
		{822A282F-3882-49D5-A7D8-4AA971B49731}.Debug|Any CPU.Build.0 = Debug|Any CPU
		{822A282F-3882-49D5-A7D8-4AA971B49731}.Release|Any CPU.ActiveCfg = Release|Any CPU
		{822A282F-3882-49D5-A7D8-4AA971B49731}.Release|Any CPU.Build.0 = Release|Any CPU
	EndGlobalSection
	GlobalSection(SolutionProperties) = preSolution
		HideSolutionNode = FALSE
	EndGlobalSection
	GlobalSection(ExtensibilityGlobals) = postSolution
		SolutionGuid = {0B030357-46B3-4C86-A047-05BD908D8E65}
	EndGlobalSection
EndGlobal
